
Microsoft Visual Studio Solution File, Format Version 12.00
# Visual Studio Version 16
VisualStudioVersion = 16.0.29503.13
MinimumVisualStudioVersion = 10.0.40219.1
Project("{FAE04EC0-301F-11D3-BF4B-00C04F79EFBC}") = "BlackJack.Core", "BlackJack.Services\BlackJack.Core.csproj", "{40F1E2AB-F1C3-4136-8674-062CFE1D6B07}"
EndProject
Project("{FAE04EC0-301F-11D3-BF4B-00C04F79EFBC}") = "BlackJack.Api", "BlackJack.Api\BlackJack.Api.csproj", "{A2B0F638-FF87-40F7-B9FF-F4CE8276DE21}"
EndProject
Project("{FAE04EC0-301F-11D3-BF4B-00C04F79EFBC}") = "BlackJack.Core.Tests", "BlackJack.Core.Tests\BlackJack.Core.Tests.csproj", "{2FE6897E-FB25-4FD4-A732-6DFE5CDFBAC0}"
EndProject
Global
	GlobalSection(SolutionConfigurationPlatforms) = preSolution
		Debug|Any CPU = Debug|Any CPU
		Release|Any CPU = Release|Any CPU
	EndGlobalSection
	GlobalSection(ProjectConfigurationPlatforms) = postSolution
		{40F1E2AB-F1C3-4136-8674-062CFE1D6B07}.Debug|Any CPU.ActiveCfg = Debug|Any CPU
		{40F1E2AB-F1C3-4136-8674-062CFE1D6B07}.Debug|Any CPU.Build.0 = Debug|Any CPU
		{40F1E2AB-F1C3-4136-8674-062CFE1D6B07}.Release|Any CPU.ActiveCfg = Release|Any CPU
		{40F1E2AB-F1C3-4136-8674-062CFE1D6B07}.Release|Any CPU.Build.0 = Release|Any CPU
		{A2B0F638-FF87-40F7-B9FF-F4CE8276DE21}.Debug|Any CPU.ActiveCfg = Debug|Any CPU
		{A2B0F638-FF87-40F7-B9FF-F4CE8276DE21}.Debug|Any CPU.Build.0 = Debug|Any CPU
		{A2B0F638-FF87-40F7-B9FF-F4CE8276DE21}.Release|Any CPU.ActiveCfg = Release|Any CPU
		{A2B0F638-FF87-40F7-B9FF-F4CE8276DE21}.Release|Any CPU.Build.0 = Release|Any CPU
		{2FE6897E-FB25-4FD4-A732-6DFE5CDFBAC0}.Debug|Any CPU.ActiveCfg = Debug|Any CPU
		{2FE6897E-FB25-4FD4-A732-6DFE5CDFBAC0}.Debug|Any CPU.Build.0 = Debug|Any CPU
		{2FE6897E-FB25-4FD4-A732-6DFE5CDFBAC0}.Release|Any CPU.ActiveCfg = Release|Any CPU
		{2FE6897E-FB25-4FD4-A732-6DFE5CDFBAC0}.Release|Any CPU.Build.0 = Release|Any CPU
	EndGlobalSection
	GlobalSection(SolutionProperties) = preSolution
		HideSolutionNode = FALSE
	EndGlobalSection
	GlobalSection(ExtensibilityGlobals) = postSolution
		SolutionGuid = {E0BA6E96-7135-49ED-AE4F-22F1B10180E6}
	EndGlobalSection
EndGlobal
