
Microsoft Visual Studio Solution File, Format Version 12.00
# Visual Studio Version 16
VisualStudioVersion = 16.0.29503.13
MinimumVisualStudioVersion = 10.0.40219.1
Project("{9A19103F-16F7-4668-BE54-9A1E7A4F7556}") = "BlackJack.Api", "BlackJack.Api\BlackJack.Api.csproj", "{A2B0F638-FF87-40F7-B9FF-F4CE8276DE21}"
EndProject
Project("{9A19103F-16F7-4668-BE54-9A1E7A4F7556}") = "BlackJack.Core.Tests", "BlackJack.Core.Tests\BlackJack.Core.Tests.csproj", "{2FE6897E-FB25-4FD4-A732-6DFE5CDFBAC0}"
EndProject
Project("{9A19103F-16F7-4668-BE54-9A1E7A4F7556}") = "BlackJack.Core", "BlackJack.Core\BlackJack.Core.csproj", "{8AC7DA87-B1DD-4A75-AA8B-232982167FFC}"
EndProject
Global
	GlobalSection(SolutionConfigurationPlatforms) = preSolution
		Debug|Any CPU = Debug|Any CPU
		Release|Any CPU = Release|Any CPU
	EndGlobalSection
	GlobalSection(ProjectConfigurationPlatforms) = postSolution
		{A2B0F638-FF87-40F7-B9FF-F4CE8276DE21}.Debug|Any CPU.ActiveCfg = Debug|Any CPU
		{A2B0F638-FF87-40F7-B9FF-F4CE8276DE21}.Debug|Any CPU.Build.0 = Debug|Any CPU
		{A2B0F638-FF87-40F7-B9FF-F4CE8276DE21}.Release|Any CPU.ActiveCfg = Release|Any CPU
		{A2B0F638-FF87-40F7-B9FF-F4CE8276DE21}.Release|Any CPU.Build.0 = Release|Any CPU
		{2FE6897E-FB25-4FD4-A732-6DFE5CDFBAC0}.Debug|Any CPU.ActiveCfg = Debug|Any CPU
		{2FE6897E-FB25-4FD4-A732-6DFE5CDFBAC0}.Debug|Any CPU.Build.0 = Debug|Any CPU
		{2FE6897E-FB25-4FD4-A732-6DFE5CDFBAC0}.Release|Any CPU.ActiveCfg = Release|Any CPU
		{2FE6897E-FB25-4FD4-A732-6DFE5CDFBAC0}.Release|Any CPU.Build.0 = Release|Any CPU
		{8AC7DA87-B1DD-4A75-AA8B-232982167FFC}.Debug|Any CPU.ActiveCfg = Debug|Any CPU
		{8AC7DA87-B1DD-4A75-AA8B-232982167FFC}.Debug|Any CPU.Build.0 = Debug|Any CPU
		{8AC7DA87-B1DD-4A75-AA8B-232982167FFC}.Release|Any CPU.ActiveCfg = Release|Any CPU
		{8AC7DA87-B1DD-4A75-AA8B-232982167FFC}.Release|Any CPU.Build.0 = Release|Any CPU
	EndGlobalSection
	GlobalSection(SolutionProperties) = preSolution
		HideSolutionNode = FALSE
	EndGlobalSection
	GlobalSection(ExtensibilityGlobals) = postSolution
		SolutionGuid = {E0BA6E96-7135-49ED-AE4F-22F1B10180E6}
	EndGlobalSection
EndGlobal
